[root]
name = "rustrelay"
version = "0.1.0"
dependencies = [
 "byteorder 1.1.0 (registry+https://github.com/rust-lang/crates.io-index)",
 "chrono 0.3.0 (registry+https://github.com/rust-lang/crates.io-index)",
 "log 0.3.8 (registry+https://github.com/rust-lang/crates.io-index)",
 "mio 0.6.9 (registry+https://github.com/rust-lang/crates.io-index)",
 "rand 0.3.15 (registry+https://github.com/rust-lang/crates.io-index)",
 "slab 0.3.0 (registry+https://github.com/rust-lang/crates.io-index)",
]

[[package]]
name = "byteorder"
version = "1.1.0"
source = "registry+https://github.com/rust-lang/crates.io-index"

[[package]]
name = "cfg-if"
version = "0.1.2"
source = "registry+https://github.com/rust-lang/crates.io-index"

[[package]]
name = "chrono"
version = "0.3.0"
source = "registry+https://github.com/rust-lang/crates.io-index"
dependencies = [
 "num 0.1.39 (registry+https://github.com/rust-lang/crates.io-index)",
 "time 0.1.38 (registry+https://github.com/rust-lang/crates.io-index)",
]

[[package]]
name = "iovec"
version = "0.1.0"
source = "registry+https://github.com/rust-lang/crates.io-index"
dependencies = [
 "libc 0.2.26 (registry+https://github.com/rust-lang/crates.io-index)",
 "winapi 0.2.8 (registry+https://github.com/rust-lang/crates.io-index)",
]

[[package]]
name = "kernel32-sys"
version = "0.2.2"
source = "registry+https://github.com/rust-lang/crates.io-index"
dependencies = [
 "winapi 0.2.8 (registry+https://github.com/rust-lang/crates.io-index)",
 "winapi-build 0.1.1 (registry+https://github.com/rust-lang/crates.io-index)",
]

[[package]]
name = "lazycell"
version = "0.4.0"
source = "registry+https://github.com/rust-lang/crates.io-index"

[[package]]
name = "libc"
version = "0.2.26"
source = "registry+https://github.com/rust-lang/crates.io-index"

[[package]]
name = "log"
version = "0.3.8"
source = "registry+https://github.com/rust-lang/crates.io-index"

[[package]]
name = "mio"
version = "0.6.9"
source = "registry+https://github.com/rust-lang/crates.io-index"
dependencies = [
 "iovec 0.1.0 (registry+https://github.com/rust-lang/crates.io-index)",
 "kernel32-sys 0.2.2 (registry+https://github.com/rust-lang/crates.io-index)",
 "lazycell 0.4.0 (registry+https://github.com/rust-lang/crates.io-index)",
 "libc 0.2.26 (registry+https://github.com/rust-lang/crates.io-index)",
 "log 0.3.8 (registry+https://github.com/rust-lang/crates.io-index)",
 "miow 0.2.1 (registry+https://github.com/rust-lang/crates.io-index)",
 "net2 0.2.29 (registry+https://github.com/rust-lang/crates.io-index)",
 "slab 0.3.0 (registry+https://github.com/rust-lang/crates.io-index)",
 "winapi 0.2.8 (registry+https://github.com/rust-lang/crates.io-index)",
]

[[package]]
name = "miow"
version = "0.2.1"
source = "registry+https://github.com/rust-lang/crates.io-index"
dependencies = [
 "kernel32-sys 0.2.2 (registry+https://github.com/rust-lang/crates.io-index)",
 "net2 0.2.29 (registry+https://github.com/rust-lang/crates.io-index)",
 "winapi 0.2.8 (registry+https://github.com/rust-lang/crates.io-index)",
 "ws2_32-sys 0.2.1 (registry+https://github.com/rust-lang/crates.io-index)",
]

[[package]]
name = "net2"
version = "0.2.29"
source = "registry+https://github.com/rust-lang/crates.io-index"
dependencies = [
 "cfg-if 0.1.2 (registry+https://github.com/rust-lang/crates.io-index)",
 "kernel32-sys 0.2.2 (registry+https://github.com/rust-lang/crates.io-index)",
 "libc 0.2.26 (registry+https://github.com/rust-lang/crates.io-index)",
 "winapi 0.2.8 (registry+https://github.com/rust-lang/crates.io-index)",
 "ws2_32-sys 0.2.1 (registry+https://github.com/rust-lang/crates.io-index)",
]

[[package]]
name = "num"
version = "0.1.39"
source = "registry+https://github.com/rust-lang/crates.io-index"
dependencies = [
 "num-integer 0.1.34 (registry+https://github.com/rust-lang/crates.io-index)",
 "num-iter 0.1.33 (registry+https://github.com/rust-lang/crates.io-index)",
 "num-traits 0.1.39 (registry+https://github.com/rust-lang/crates.io-index)",
]

[[package]]
name = "num-integer"
version = "0.1.34"
source = "registry+https://github.com/rust-lang/crates.io-index"
dependencies = [
 "num-traits 0.1.39 (registry+https://github.com/rust-lang/crates.io-index)",
]

[[package]]
name = "num-iter"
version = "0.1.33"
source = "registry+https://github.com/rust-lang/crates.io-index"
dependencies = [
 "num-integer 0.1.34 (registry+https://github.com/rust-lang/crates.io-index)",
 "num-traits 0.1.39 (registry+https://github.com/rust-lang/crates.io-index)",
]

[[package]]
name = "num-traits"
version = "0.1.39"
source = "registry+https://github.com/rust-lang/crates.io-index"

[[package]]
name = "rand"
version = "0.3.15"
source = "registry+https://github.com/rust-lang/crates.io-index"
dependencies = [
 "libc 0.2.26 (registry+https://github.com/rust-lang/crates.io-index)",
]

[[package]]
name = "redox_syscall"
version = "0.1.26"
source = "registry+https://github.com/rust-lang/crates.io-index"

[[package]]
name = "slab"
version = "0.3.0"
source = "registry+https://github.com/rust-lang/crates.io-index"

[[package]]
name = "time"
version = "0.1.38"
source = "registry+https://github.com/rust-lang/crates.io-index"
dependencies = [
 "kernel32-sys 0.2.2 (registry+https://github.com/rust-lang/crates.io-index)",
 "libc 0.2.26 (registry+https://github.com/rust-lang/crates.io-index)",
 "redox_syscall 0.1.26 (registry+https://github.com/rust-lang/crates.io-index)",
 "winapi 0.2.8 (registry+https://github.com/rust-lang/crates.io-index)",
]

[[package]]
name = "winapi"
version = "0.2.8"
source = "registry+https://github.com/rust-lang/crates.io-index"

[[package]]
name = "winapi-build"
version = "0.1.1"
source = "registry+https://github.com/rust-lang/crates.io-index"

[[package]]
name = "ws2_32-sys"
version = "0.2.1"
source = "registry+https://github.com/rust-lang/crates.io-index"
dependencies = [
 "winapi 0.2.8 (registry+https://github.com/rust-lang/crates.io-index)",
 "winapi-build 0.1.1 (registry+https://github.com/rust-lang/crates.io-index)",
]

[metadata]
"checksum byteorder 1.1.0 (registry+https://github.com/rust-lang/crates.io-index)" = "ff81738b726f5d099632ceaffe7fb65b90212e8dce59d518729e7e8634032d3d"
"checksum cfg-if 0.1.2 (registry+https://github.com/rust-lang/crates.io-index)" = "d4c819a1287eb618df47cc647173c5c4c66ba19d888a6e50d605672aed3140de"
"checksum chrono 0.3.0 (registry+https://github.com/rust-lang/crates.io-index)" = "158b0bd7d75cbb6bf9c25967a48a2e9f77da95876b858eadfabaa99cd069de6e"
"checksum iovec 0.1.0 (registry+https://github.com/rust-lang/crates.io-index)" = "29d062ee61fccdf25be172e70f34c9f6efc597e1fb8f6526e8437b2046ab26be"
"checksum kernel32-sys 0.2.2 (registry+https://github.com/rust-lang/crates.io-index)" = "7507624b29483431c0ba2d82aece8ca6cdba9382bff4ddd0f7490560c056098d"
"checksum lazycell 0.4.0 (registry+https://github.com/rust-lang/crates.io-index)" = "ce12306c4739d86ee97c23139f3a34ddf0387bbf181bc7929d287025a8c3ef6b"
"checksum libc 0.2.26 (registry+https://github.com/rust-lang/crates.io-index)" = "30885bcb161cf67054244d10d4a7f4835ffd58773bc72e07d35fecf472295503"
"checksum log 0.3.8 (registry+https://github.com/rust-lang/crates.io-index)" = "880f77541efa6e5cc74e76910c9884d9859683118839d6a1dc3b11e63512565b"
"checksum mio 0.6.9 (registry+https://github.com/rust-lang/crates.io-index)" = "9e965267d4d58496fc4f740e9861118367f13570cadf66316ed2c3f2f14d87c7"
"checksum miow 0.2.1 (registry+https://github.com/rust-lang/crates.io-index)" = "8c1f2f3b1cf331de6896aabf6e9d55dca90356cc9960cca7eaaf408a355ae919"
"checksum net2 0.2.29 (registry+https://github.com/rust-lang/crates.io-index)" = "bc01404e7568680f1259aa5729539f221cb1e6d047a0d9053cab4be8a73b5d67"
"checksum num 0.1.39 (registry+https://github.com/rust-lang/crates.io-index)" = "2c3a3dc9f30bf824141521b30c908a859ab190b76e20435fcd89f35eb6583887"
"checksum num-integer 0.1.34 (registry+https://github.com/rust-lang/crates.io-index)" = "ef1a4bf6f9174aa5783a9b4cc892cacd11aebad6c69ad027a0b65c6ca5f8aa37"
"checksum num-iter 0.1.33 (registry+https://github.com/rust-lang/crates.io-index)" = "f7d1891bd7b936f12349b7d1403761c8a0b85a18b148e9da4429d5d102c1a41e"
"checksum num-traits 0.1.39 (registry+https://github.com/rust-lang/crates.io-index)" = "1708c0628602a98b52fad936cf3edb9a107af06e52e49fdf0707e884456a6af6"
"checksum rand 0.3.15 (registry+https://github.com/rust-lang/crates.io-index)" = "022e0636ec2519ddae48154b028864bdce4eaf7d35226ab8e65c611be97b189d"
"checksum redox_syscall 0.1.26 (registry+https://github.com/rust-lang/crates.io-index)" = "9df6a71a1e67be2104410736b2389fb8e383c1d7e9e792d629ff13c02867147a"
"checksum slab 0.3.0 (registry+https://github.com/rust-lang/crates.io-index)" = "17b4fcaed89ab08ef143da37bc52adbcc04d4a69014f4c1208d6b51f0c47bc23"
"checksum time 0.1.38 (registry+https://github.com/rust-lang/crates.io-index)" = "d5d788d3aa77bc0ef3e9621256885555368b47bd495c13dd2e7413c89f845520"
"checksum winapi 0.2.8 (registry+https://github.com/rust-lang/crates.io-index)" = "167dc9d6949a9b857f3451275e911c3f44255842c1f7a76f33c55103a909087a"
"checksum winapi-build 0.1.1 (registry+https://github.com/rust-lang/crates.io-index)" = "2d315eee3b34aca4797b2da6b13ed88266e6d612562a0c46390af8299fc699bc"
"checksum ws2_32-sys 0.2.1 (registry+https://github.com/rust-lang/crates.io-index)" = "d59cefebd0c892fa2dd6de581e937301d8552cb44489cdff035c6187cb63fa5e"
